
Microsoft Visual Studio Solution File, Format Version 12.00
# Visual Studio Version 17
VisualStudioVersion = 17.10.35201.131
MinimumVisualStudioVersion = 10.0.40219.1
Project("{FAE04EC0-301F-11D3-BF4B-00C04F79EFBC}") = "bunny-sdk", "bunny-sdk.csproj", "{A9C6A87C-77CE-4146-BE2D-624F1159E5A5}"
EndProject
Global
	GlobalSection(SolutionConfigurationPlatforms) = preSolution
		Debug|Any CPU = Debug|Any CPU
		Release|Any CPU = Release|Any CPU
	EndGlobalSection
	GlobalSection(ProjectConfigurationPlatforms) = postSolution
		{A9C6A87C-77CE-4146-BE2D-624F1159E5A5}.Debug|Any CPU.ActiveCfg = Debug|Any CPU
		{A9C6A87C-77CE-4146-BE2D-624F1159E5A5}.Debug|Any CPU.Build.0 = Debug|Any CPU
		{A9C6A87C-77CE-4146-BE2D-624F1159E5A5}.Release|Any CPU.ActiveCfg = Release|Any CPU
		{A9C6A87C-77CE-4146-BE2D-624F1159E5A5}.Release|Any CPU.Build.0 = Release|Any CPU
	EndGlobalSection
	GlobalSection(SolutionProperties) = preSolution
		HideSolutionNode = FALSE
	EndGlobalSection
	GlobalSection(ExtensibilityGlobals) = postSolution
		SolutionGuid = {C6FFB484-2B89-4B33-9EC6-54118B2AB48D}
	EndGlobalSection
EndGlobal
